PODS:
  - ADTickerLabel (0.67)
  - AFNetworking (3.1.0):
    - AFNetworking/NSURLSession (= 3.1.0)
    - AFNetworking/Reachability (= 3.1.0)
    - AFNetworking/Security (= 3.1.0)
    - AFNetworking/Serialization (= 3.1.0)
    - AFNetworking/UIKit (= 3.1.0)
  - AFNetworking/NSURLSession (3.1.0):
    - AFNetworking/Reachability
    - AFNetworking/Security
    - AFNetworking/Serialization
  - AFNetworking/Reachability (3.1.0)
  - AFNetworking/Security (3.1.0)
  - AFNetworking/Serialization (3.1.0)
  - AFNetworking/UIKit (3.1.0):
    - AFNetworking/NSURLSession
  - DACircularProgress (2.3.1)
  - Masonry (1.0.2)
  - MBProgressHUD (1.0.0)
  - MJExtension (3.0.13)
  - MJRefresh (3.1.12)
  - MotionBlur (0.2.0)
  - MWPhotoBrowser (1.2.1):
    - DACircularProgress
    - MBProgressHUD
    - PSTCollectionView (~> 1.2)
    - SDWebImage (~> 3.5)
  - PSTCollectionView (1.2.3)
  - SDWebImage (3.8.2):
    - SDWebImage/Core (= 3.8.2)
  - SDWebImage/Core (3.8.2)
  - YYCache (1.0.4)
  - YYImage (1.0.4):
    - YYImage/Core (= 1.0.4)
  - YYImage/Core (1.0.4)
  - YYText (1.0.7)
  - YYWebImage (1.0.5):
    - YYCache
    - YYImage

DEPENDENCIES:
  - ADTickerLabel
  - AFNetworking
  - Masonry
  - MBProgressHUD
  - MJExtension
  - MJRefresh
  - MotionBlur
  - MWPhotoBrowser
  - SDWebImage
  - YYText
  - YYWebImage

SPEC REPOS:
  https://github.com/cocoapods/specs.git:
    - ADTickerLabel
    - AFNetworking
    - DACircularProgress
    - Masonry
    - MBProgressHUD
    - MJExtension
    - MJRefresh
    - MotionBlur
    - MWPhotoBrowser
    - PSTCollectionView
    - SDWebImage
    - YYCache
    - YYImage
    - YYText
    - YYWebImage

SPEC CHECKSUMS:
  ADTickerLabel: 6cd8a9a537dd114cbd66fd438232e8888665b3e2
  AFNetworking: 5e0e199f73d8626b11e79750991f5d173d1f8b67
  DACircularProgress: 4dd437c0fc3da5161cb289e07ac449493d41db71
  Masonry: 7c429b56da9d4ee0bbb3ed77a5ea710d6a5df39e
  MBProgressHUD: 4890f671c94e8a0f3cf959aa731e9de2f036d71a
  MJExtension: 5932755f451458eefa24239358817f8d291240c7
  MJRefresh: b96cdb21c4aa75a7b07654311ab2f315c497e806
  MotionBlur: 5dc5583a725f087bdf952278b1c41b7bb7ba5f79
  MWPhotoBrowser: 7087b4c828297ef34ff2b0892c8e967034a86842
  PSTCollectionView: 6749df92885353521f55279a7ce2b293762e2be4
  SDWebImage: 098e97e6176540799c27e804c96653ee0833d13c
  YYCache: 8105b6638f5e849296c71f331ff83891a4942952
  YYImage: 1e1b62a9997399593e4b9c4ecfbbabbf1d3f3b54
  YYText: 5c461d709e24d55a182d1441c41dc639a18a4849
  YYWebImage: 5f7f36aee2ae293f016d418c7d6ba05c4863e928

PODFILE CHECKSUM: 3ecba9086fefce2080e5dab42ef8413820fc9bb9

COCOAPODS: 1.5.3
